{
    "_meta": {
        "hash": {
            "sha256": "9a550ec78d0251758d92894fecba8788468a4c52d34c0bf59c7912f7b8796968"
        },
        "pipfile-spec": 6,
        "requires": {
            "python_version": "3.8"
        },
        "sources": [
            {
                "name": "pypi",
                "url": "https://pypi.org/simple",
                "verify_ssl": true
            }
        ]
    },
    "default": {
        "dj-database-url": {
            "hashes": [
                "sha256:4aeaeb1f573c74835b0686a2b46b85990571159ffc21aa57ecd4d1e1cb334163",
                "sha256:851785365761ebe4994a921b433062309eb882fedd318e1b0fcecc607ed02da9"
            ],
            "version": "==0.5.0"
        },
        "dj-email-url": {
            "hashes": [
                "sha256:32dc567c5cc3d4106710ec36dd645c8c1b20e2d8f588a17ab88bcc23e347d00a",
                "sha256:557c07b3039befdc1c561c4038b155d659c09f996d5e33c91189c2e23969da90"
            ],
            "version": "==1.0.1"
        },
        "django-cache-url": {
            "hashes": [
                "sha256:889ac5d56105bdf44c0fd8f82c024119e198baf0bf698fdf49b1d5de92d8d4bb",
                "sha256:d0ee0d6c5daab92787bff47a4a6f5a6cf97c3c80d81a990820b2af16e12ad65a"
            ],
            "version": "==3.1.2"
        },
        "environs": {
            "extras": [
                "django"
            ],
            "hashes": [
                "sha256:a98005aab7613b6fe7a1af7192a5163f72a52d3348d3918e6c7a2a32e4012779",
                "sha256:bf3fd6bc54fcfd7f512ddcb80a7781f0ced2b0c83dd123d619e9468ecdaaf537"
            ],
            "index": "pypi",
            "version": "==8.0.0"
        },
        "marshmallow": {
            "hashes": [
                "sha256:4ab2fdb7f36eb61c3665da67a7ce281c8900db08d72ba6bf0e695828253581f7",
                "sha256:eca81d53aa4aafbc0e20566973d0d2e50ce8bf0ee15165bb799bec0df1e50177"
            ],
            "markers": "python_version >= '3.5'",
            "version": "==3.10.0"
        },
        "python-dotenv": {
            "hashes": [
                "sha256:0c8d1b80d1a1e91717ea7d526178e3882732420b03f08afea0406db6402e220e",
                "sha256:587825ed60b1711daea4832cf37524dfd404325b7db5e25ebe88c495c9f807a0"
            ],
            "version": "==0.15.0"
        }
    },
    "develop": {}
}
